
Microsoft Visual Studio Solution File, Format Version 12.00
# Visual Studio Version 17
VisualStudioVersion = 17.5.33516.290
MinimumVisualStudioVersion = 10.0.40219.1
Project("{FAE04EC0-301F-11D3-BF4B-00C04F79EFBC}") = "Group8_FinalProject", "Group8_FinalProject\Group8_FinalProject.csproj", "{B23C8257-8D49-4666-8656-DA08E5E1197C}"
EndProject
Global
	GlobalSection(SolutionConfigurationPlatforms) = preSolution
		Debug|Any CPU = Debug|Any CPU
		Release|Any CPU = Release|Any CPU
	EndGlobalSection
	GlobalSection(ProjectConfigurationPlatforms) = postSolution
		{B23C8257-8D49-4666-8656-DA08E5E1197C}.Debug|Any CPU.ActiveCfg = Debug|Any CPU
		{B23C8257-8D49-4666-8656-DA08E5E1197C}.Debug|Any CPU.Build.0 = Debug|Any CPU
		{B23C8257-8D49-4666-8656-DA08E5E1197C}.Release|Any CPU.ActiveCfg = Release|Any CPU
		{B23C8257-8D49-4666-8656-DA08E5E1197C}.Release|Any CPU.Build.0 = Release|Any CPU
	EndGlobalSection
	GlobalSection(SolutionProperties) = preSolution
		HideSolutionNode = FALSE
	EndGlobalSection
	GlobalSection(ExtensibilityGlobals) = postSolution
		SolutionGuid = {621A5ADB-CFDF-4DFC-A87C-663B7ED03DF1}
	EndGlobalSection
EndGlobal
